
Microsoft Visual Studio Solution File, Format Version 12.00
# Visual Studio 15
VisualStudioVersion = 15.0.26430.16
MinimumVisualStudioVersion = 10.0.40219.1
Project("{FAE04EC0-301F-11D3-BF4B-00C04F79EFBC}") = "Custodian", "Custodian.csproj", "{0A8D33DE-3BA5-4180-A76A-3F3571F905AD}"
EndProject
Global
	GlobalSection(SolutionConfigurationPlatforms) = preSolution
		Debug|Any CPU = Debug|Any CPU
		Release|Any CPU = Release|Any CPU
	EndGlobalSection
	GlobalSection(ProjectConfigurationPlatforms) = postSolution
		{0A8D33DE-3BA5-4180-A76A-3F3571F905AD}.Debug|Any CPU.ActiveCfg = Debug|Any CPU
		{0A8D33DE-3BA5-4180-A76A-3F3571F905AD}.Debug|Any CPU.Build.0 = Debug|Any CPU
		{0A8D33DE-3BA5-4180-A76A-3F3571F905AD}.Release|Any CPU.ActiveCfg = Release|Any CPU
		{0A8D33DE-3BA5-4180-A76A-3F3571F905AD}.Release|Any CPU.Build.0 = Release|Any CPU
	EndGlobalSection
	GlobalSection(SolutionProperties) = preSolution
		HideSolutionNode = FALSE
	EndGlobalSection
EndGlobal
